
Microsoft Visual Studio Solution File, Format Version 12.00
# Visual Studio Version 16
VisualStudioVersion = 16.0.29728.190
MinimumVisualStudioVersion = 10.0.40219.1
Project("{FAE04EC0-301F-11D3-BF4B-00C04F79EFBC}") = "test02", "test02\test02.csproj", "{3BEF1F2A-B27B-4DD7-A9D2-012AF2AED45A}"
EndProject
Global
	GlobalSection(SolutionConfigurationPlatforms) = preSolution
		Debug|Any CPU = Debug|Any CPU
		Release|Any CPU = Release|Any CPU
	EndGlobalSection
	GlobalSection(ProjectConfigurationPlatforms) = postSolution
		{3BEF1F2A-B27B-4DD7-A9D2-012AF2AED45A}.Debug|Any CPU.ActiveCfg = Debug|Any CPU
		{3BEF1F2A-B27B-4DD7-A9D2-012AF2AED45A}.Debug|Any CPU.Build.0 = Debug|Any CPU
		{3BEF1F2A-B27B-4DD7-A9D2-012AF2AED45A}.Release|Any CPU.ActiveCfg = Release|Any CPU
		{3BEF1F2A-B27B-4DD7-A9D2-012AF2AED45A}.Release|Any CPU.Build.0 = Release|Any CPU
	EndGlobalSection
	GlobalSection(SolutionProperties) = preSolution
		HideSolutionNode = FALSE
	EndGlobalSection
	GlobalSection(ExtensibilityGlobals) = postSolution
		SolutionGuid = {CCB5016F-64A3-4BC4-8547-25DA8E8419EC}
	EndGlobalSection
EndGlobal
